
Microsoft Visual Studio Solution File, Format Version 12.00
# Visual Studio 15
VisualStudioVersion = 15.0.28307.572
MinimumVisualStudioVersion = 10.0.40219.1
Project("{FAE04EC0-301F-11D3-BF4B-00C04F79EFBC}") = "Plan", "Plan\Plan.csproj", "{CE4175E8-271D-4B90-8371-62113035C633}"
EndProject
Global
	GlobalSection(SolutionConfigurationPlatforms) = preSolution
		Debug|Any CPU = Debug|Any CPU
		Release|Any CPU = Release|Any CPU
	EndGlobalSection
	GlobalSection(ProjectConfigurationPlatforms) = postSolution
		{CE4175E8-271D-4B90-8371-62113035C633}.Debug|Any CPU.ActiveCfg = Debug|Any CPU
		{CE4175E8-271D-4B90-8371-62113035C633}.Debug|Any CPU.Build.0 = Debug|Any CPU
		{CE4175E8-271D-4B90-8371-62113035C633}.Release|Any CPU.ActiveCfg = Release|Any CPU
		{CE4175E8-271D-4B90-8371-62113035C633}.Release|Any CPU.Build.0 = Release|Any CPU
	EndGlobalSection
	GlobalSection(SolutionProperties) = preSolution
		HideSolutionNode = FALSE
	EndGlobalSection
	GlobalSection(ExtensibilityGlobals) = postSolution
		SolutionGuid = {95EEA6CD-1B9B-4071-87D2-63207BA1CC3B}
	EndGlobalSection
EndGlobal
